// !$*UTF8*$!
{
	archiveVersion = 1;
	classes = {
	};
	objectVersion = 46;
	objects = {

/* Begin PBXBuildFile section */
		DD1D55DD1DD4DDA000ABC3DB /* SwiftyJSON.framework in Frameworks */ = {isa = PBXBuildFile; fileRef = DD1D55DC1DD4DDA000ABC3DB /* SwiftyJSON.framework */; };
		DD1D55E01DD4DE1C00ABC3DB /* UserAdapter.swift in Sources */ = {isa = PBXBuildFile; fileRef = DD1D55DF1DD4DE1C00ABC3DB /* UserAdapter.swift */; };
		DD1D55E81DD4E04E00ABC3DB /* AstronomerTests.swift in Sources */ = {isa = PBXBuildFile; fileRef = DD1D55E71DD4E04E00ABC3DB /* AstronomerTests.swift */; };
		DD1D55EF1DD4E06300ABC3DB /* SwiftyJSON.framework in Frameworks */ = {isa = PBXBuildFile; fileRef = DD1D55DC1DD4DDA000ABC3DB /* SwiftyJSON.framework */; };
		DD1D55F51DD4E77100ABC3DB /* SearchUsers.json in Resources */ = {isa = PBXBuildFile; fileRef = DD1D55F11DD4E77100ABC3DB /* SearchUsers.json */; };
		DD1D55F61DD4E77100ABC3DB /* SingleRepo.json in Resources */ = {isa = PBXBuildFile; fileRef = DD1D55F21DD4E77100ABC3DB /* SingleRepo.json */; };
		DD1D55F71DD4E77100ABC3DB /* SingleUser.json in Resources */ = {isa = PBXBuildFile; fileRef = DD1D55F31DD4E77100ABC3DB /* SingleUser.json */; };
		DD1D55F81DD4E77100ABC3DB /* UserRepos.json in Resources */ = {isa = PBXBuildFile; fileRef = DD1D55F41DD4E77100ABC3DB /* UserRepos.json */; };
		DD1D55FA1DD4F85E00ABC3DB /* SearchResults.swift in Sources */ = {isa = PBXBuildFile; fileRef = DD1D55F91DD4F85E00ABC3DB /* SearchResults.swift */; };
		DD1D55FC1DD4F8BC00ABC3DB /* SearchResultsAdapter.swift in Sources */ = {isa = PBXBuildFile; fileRef = DD1D55FB1DD4F8BC00ABC3DB /* SearchResultsAdapter.swift */; };
		DD74CF351DD50EFA000B5ADE /* RepositoryAdapter.swift in Sources */ = {isa = PBXBuildFile; fileRef = DD74CF341DD50EFA000B5ADE /* RepositoryAdapter.swift */; };
		DDA23CCB1DD4D4D10002270C /* AppDelegate.swift in Sources */ = {isa = PBXBuildFile; fileRef = DDA23CCA1DD4D4D10002270C /* AppDelegate.swift */; };
		DDA23CD21DD4D4D10002270C /* Assets.xcassets in Resources */ = {isa = PBXBuildFile; fileRef = DDA23CD11DD4D4D10002270C /* Assets.xcassets */; };
		DDA23CD51DD4D4D10002270C /* LaunchScreen.storyboard in Resources */ = {isa = PBXBuildFile; fileRef = DDA23CD31DD4D4D10002270C /* LaunchScreen.storyboard */; };
		DDA23CE41DD4D52C0002270C /* AppRouter.swift in Sources */ = {isa = PBXBuildFile; fileRef = DDA23CE31DD4D52C0002270C /* AppRouter.swift */; };
		DDA23CE61DD4D63C0002270C /* SearchUsersViewController.swift in Sources */ = {isa = PBXBuildFile; fileRef = DDA23CE51DD4D63C0002270C /* SearchUsersViewController.swift */; };
		DDA23CE91DD4D7950002270C /* Appearance.swift in Sources */ = {isa = PBXBuildFile; fileRef = DDA23CE81DD4D7950002270C /* Appearance.swift */; };
		DDA5020A1DD4D8CE00B78F5D /* User.swift in Sources */ = {isa = PBXBuildFile; fileRef = DDA502091DD4D8CE00B78F5D /* User.swift */; };
		DDA5020C1DD4DA1400B78F5D /* Repository.swift in Sources */ = {isa = PBXBuildFile; fileRef = DDA5020B1DD4DA1400B78F5D /* Repository.swift */; };
		DDA5020F1DD4DA8000B78F5D /* Adapter.swift in Sources */ = {isa = PBXBuildFile; fileRef = DDA5020E1DD4DA8000B78F5D /* Adapter.swift */; };
		DDA502121DD4DABD00B78F5D /* Result.swift in Sources */ = {isa = PBXBuildFile; fileRef = DDA502111DD4DABD00B78F5D /* Result.swift */; };
/* End PBXBuildFile section */

/* Begin PBXContainerItemProxy section */
		DD1D55EA1DD4E04E00ABC3DB /* PBXContainerItemProxy */ = {
			isa = PBXContainerItemProxy;
			containerPortal = DDA23CBF1DD4D4D10002270C /* Project object */;
			proxyType = 1;
			remoteGlobalIDString = DDA23CC61DD4D4D10002270C;
			remoteInfo = Astronomer;
		};
/* End PBXContainerItemProxy section */

/* Begin PBXFileReference section */
		DD1D55DC1DD4DDA000ABC3DB /* SwiftyJSON.framework */ = {isa = PBXFileReference; lastKnownFileType = wrapper.framework; name = SwiftyJSON.framework; path = Carthage/Build/iOS/SwiftyJSON.framework; sourceTree = "<group>"; };
		DD1D55DF1DD4DE1C00ABC3DB /* UserAdapter.swift */ = {isa = PBXFileReference; fileEncoding = 4; lastKnownFileType = sourcecode.swift; path = UserAdapter.swift; sourceTree = "<group>"; };
		DD1D55E51DD4E04E00ABC3DB /* AstronomerTests.xctest */ = {isa = PBXFileReference; explicitFileType = wrapper.cfbundle; includeInIndex = 0; path = AstronomerTests.xctest; sourceTree = BUILT_PRODUCTS_DIR; };
		DD1D55E71DD4E04E00ABC3DB /* AstronomerTests.swift */ = {isa = PBXFileReference; lastKnownFileType = sourcecode.swift; path = AstronomerTests.swift; sourceTree = "<group>"; };
		DD1D55E91DD4E04E00ABC3DB /* Info.plist */ = {isa = PBXFileReference; lastKnownFileType = text.plist.xml; path = Info.plist; sourceTree = "<group>"; };
		DD1D55F11DD4E77100ABC3DB /* SearchUsers.json */ = {isa = PBXFileReference; fileEncoding = 4; lastKnownFileType = text.json; name = SearchUsers.json; path = Data/SearchUsers.json; sourceTree = "<group>"; };
		DD1D55F21DD4E77100ABC3DB /* SingleRepo.json */ = {isa = PBXFileReference; fileEncoding = 4; lastKnownFileType = text.json; name = SingleRepo.json; path = Data/SingleRepo.json; sourceTree = "<group>"; };
		DD1D55F31DD4E77100ABC3DB /* SingleUser.json */ = {isa = PBXFileReference; fileEncoding = 4; lastKnownFileType = text.json; name = SingleUser.json; path = Data/SingleUser.json; sourceTree = "<group>"; };
		DD1D55F41DD4E77100ABC3DB /* UserRepos.json */ = {isa = PBXFileReference; fileEncoding = 4; lastKnownFileType = text.json; name = UserRepos.json; path = Data/UserRepos.json; sourceTree = "<group>"; };
		DD1D55F91DD4F85E00ABC3DB /* SearchResults.swift */ = {isa = PBXFileReference; fileEncoding = 4; lastKnownFileType = sourcecode.swift; path = SearchResults.swift; sourceTree = "<group>"; };
		DD1D55FB1DD4F8BC00ABC3DB /* SearchResultsAdapter.swift */ = {isa = PBXFileReference; fileEncoding = 4; lastKnownFileType = sourcecode.swift; path = SearchResultsAdapter.swift; sourceTree = "<group>"; };
		DD74CF341DD50EFA000B5ADE /* RepositoryAdapter.swift */ = {isa = PBXFileReference; fileEncoding = 4; lastKnownFileType = sourcecode.swift; path = RepositoryAdapter.swift; sourceTree = "<group>"; };
		DDA23CC71DD4D4D10002270C /* Astronomer.app */ = {isa = PBXFileReference; explicitFileType = wrapper.application; includeInIndex = 0; path = Astronomer.app; sourceTree = BUILT_PRODUCTS_DIR; };
		DDA23CCA1DD4D4D10002270C /* AppDelegate.swift */ = {isa = PBXFileReference; lastKnownFileType = sourcecode.swift; path = AppDelegate.swift; sourceTree = "<group>"; };
		DDA23CD11DD4D4D10002270C /* Assets.xcassets */ = {isa = PBXFileReference; lastKnownFileType = folder.assetcatalog; path = Assets.xcassets; sourceTree = "<group>"; };
		DDA23CD41DD4D4D10002270C /* Base */ = {isa = PBXFileReference; lastKnownFileType = file.storyboard; name = Base; path = Base.lproj/LaunchScreen.storyboard; sourceTree = "<group>"; };
		DDA23CD61DD4D4D10002270C /* Info.plist */ = {isa = PBXFileReference; lastKnownFileType = text.plist.xml; path = Info.plist; sourceTree = "<group>"; };
		DDA23CE31DD4D52C0002270C /* AppRouter.swift */ = {isa = PBXFileReference; fileEncoding = 4; lastKnownFileType = sourcecode.swift; path = AppRouter.swift; sourceTree = "<group>"; };
		DDA23CE51DD4D63C0002270C /* SearchUsersViewController.swift */ = {isa = PBXFileReference; fileEncoding = 4; lastKnownFileType = sourcecode.swift; path = SearchUsersViewController.swift; sourceTree = "<group>"; };
		DDA23CE81DD4D7950002270C /* Appearance.swift */ = {isa = PBXFileReference; fileEncoding = 4; lastKnownFileType = sourcecode.swift; path = Appearance.swift; sourceTree = "<group>"; };
		DDA502091DD4D8CE00B78F5D /* User.swift */ = {isa = PBXFileReference; fileEncoding = 4; lastKnownFileType = sourcecode.swift; path = User.swift; sourceTree = "<group>"; };
		DDA5020B1DD4DA1400B78F5D /* Repository.swift */ = {isa = PBXFileReference; fileEncoding = 4; lastKnownFileType = sourcecode.swift; path = Repository.swift; sourceTree = "<group>"; };
		DDA5020E1DD4DA8000B78F5D /* Adapter.swift */ = {isa = PBXFileReference; fileEncoding = 4; lastKnownFileType = sourcecode.swift; path = Adapter.swift; sourceTree = "<group>"; };
		DDA502111DD4DABD00B78F5D /* Result.swift */ = {isa = PBXFileReference; fileEncoding = 4; lastKnownFileType = sourcecode.swift; path = Result.swift; sourceTree = "<group>"; };
/* End PBXFileReference section */

/* Begin PBXFrameworksBuildPhase section */
		DD1D55E21DD4E04E00ABC3DB /* Frameworks */ = {
			isa = PBXFrameworksBuildPhase;
			buildActionMask = 2147483647;
			files = (
				DD1D55EF1DD4E06300ABC3DB /* SwiftyJSON.framework in Frameworks */,
			);
			runOnlyForDeploymentPostprocessing = 0;
		};
		DDA23CC41DD4D4D10002270C /* Frameworks */ = {
			isa = PBXFrameworksBuildPhase;
			buildActionMask = 2147483647;
			files = (
				DD1D55DD1DD4DDA000ABC3DB /* SwiftyJSON.framework in Frameworks */,
			);
			runOnlyForDeploymentPostprocessing = 0;
		};
/* End PBXFrameworksBuildPhase section */

/* Begin PBXGroup section */
		DD1D55DB1DD4DDA000ABC3DB /* Frameworks */ = {
			isa = PBXGroup;
			children = (
				DD1D55DC1DD4DDA000ABC3DB /* SwiftyJSON.framework */,
			);
			name = Frameworks;
			sourceTree = "<group>";
		};
		DD1D55E61DD4E04E00ABC3DB /* AstronomerTests */ = {
			isa = PBXGroup;
			children = (
				DD1D55F01DD4E0D300ABC3DB /* Test Data */,
				DD1D55E71DD4E04E00ABC3DB /* AstronomerTests.swift */,
				DD1D55E91DD4E04E00ABC3DB /* Info.plist */,
			);
			path = AstronomerTests;
			sourceTree = "<group>";
		};
		DD1D55F01DD4E0D300ABC3DB /* Test Data */ = {
			isa = PBXGroup;
			children = (
				DD1D55F11DD4E77100ABC3DB /* SearchUsers.json */,
				DD1D55F21DD4E77100ABC3DB /* SingleRepo.json */,
				DD1D55F31DD4E77100ABC3DB /* SingleUser.json */,
				DD1D55F41DD4E77100ABC3DB /* UserRepos.json */,
			);
			name = "Test Data";
			sourceTree = "<group>";
		};
		DDA23CBE1DD4D4D10002270C = {
			isa = PBXGroup;
			children = (
				DDA23CC91DD4D4D10002270C /* Astronomer */,
				DD1D55E61DD4E04E00ABC3DB /* AstronomerTests */,
				DDA23CC81DD4D4D10002270C /* Products */,
				DD1D55DB1DD4DDA000ABC3DB /* Frameworks */,
			);
			sourceTree = "<group>";
		};
		DDA23CC81DD4D4D10002270C /* Products */ = {
			isa = PBXGroup;
			children = (
				DDA23CC71DD4D4D10002270C /* Astronomer.app */,
				DD1D55E51DD4E04E00ABC3DB /* AstronomerTests.xctest */,
			);
			name = Products;
			sourceTree = "<group>";
		};
		DDA23CC91DD4D4D10002270C /* Astronomer */ = {
			isa = PBXGroup;
			children = (
				DDA23CE71DD4D7860002270C /* Appearance */,
				DDA23CE01DD4D4F60002270C /* Resources */,
				DDA23CDF1DD4D4F10002270C /* Views */,
				DDA23CDE1DD4D4EC0002270C /* Controllers */,
				DDA23CDD1DD4D4E50002270C /* Bootstrap */,
				DDA23CDC1DD4D4E20002270C /* Core */,
			);
			path = Astronomer;
			sourceTree = "<group>";
		};
		DDA23CDC1DD4D4E20002270C /* Core */ = {
			isa = PBXGroup;
			children = (
				DDA5020D1DD4DA5A00B78F5D /* Adapters */,
				DDA23CEA1DD4D8B20002270C /* Models */,
				DDA23CE21DD4D5000002270C /* Storage */,
				DDA23CE11DD4D4FC0002270C /* Networking */,
			);
			name = Core;
			sourceTree = "<group>";
		};
		DDA23CDD1DD4D4E50002270C /* Bootstrap */ = {
			isa = PBXGroup;
			children = (
				DDA23CCA1DD4D4D10002270C /* AppDelegate.swift */,
				DDA23CE31DD4D52C0002270C /* AppRouter.swift */,
			);
			name = Bootstrap;
			sourceTree = "<group>";
		};
		DDA23CDE1DD4D4EC0002270C /* Controllers */ = {
			isa = PBXGroup;
			children = (
				DDA23CE51DD4D63C0002270C /* SearchUsersViewController.swift */,
			);
			name = Controllers;
			sourceTree = "<group>";
		};
		DDA23CDF1DD4D4F10002270C /* Views */ = {
			isa = PBXGroup;
			children = (
			);
			name = Views;
			sourceTree = "<group>";
		};
		DDA23CE01DD4D4F60002270C /* Resources */ = {
			isa = PBXGroup;
			children = (
				DDA23CD61DD4D4D10002270C /* Info.plist */,
				DDA23CD11DD4D4D10002270C /* Assets.xcassets */,
				DDA23CD31DD4D4D10002270C /* LaunchScreen.storyboard */,
			);
			name = Resources;
			sourceTree = "<group>";
		};
		DDA23CE11DD4D4FC0002270C /* Networking */ = {
			isa = PBXGroup;
			children = (
			);
			name = Networking;
			sourceTree = "<group>";
		};
		DDA23CE21DD4D5000002270C /* Storage */ = {
			isa = PBXGroup;
			children = (
			);
			name = Storage;
			sourceTree = "<group>";
		};
		DDA23CE71DD4D7860002270C /* Appearance */ = {
			isa = PBXGroup;
			children = (
				DDA23CE81DD4D7950002270C /* Appearance.swift */,
			);
			name = Appearance;
			sourceTree = "<group>";
		};
		DDA23CEA1DD4D8B20002270C /* Models */ = {
			isa = PBXGroup;
			children = (
				DDA502111DD4DABD00B78F5D /* Result.swift */,
				DDA502091DD4D8CE00B78F5D /* User.swift */,
				DDA5020B1DD4DA1400B78F5D /* Repository.swift */,
				DD1D55F91DD4F85E00ABC3DB /* SearchResults.swift */,
			);
			name = Models;
			sourceTree = "<group>";
		};
		DDA5020D1DD4DA5A00B78F5D /* Adapters */ = {
			isa = PBXGroup;
			children = (
				DDA5020E1DD4DA8000B78F5D /* Adapter.swift */,
				DD1D55DF1DD4DE1C00ABC3DB /* UserAdapter.swift */,
				DD74CF341DD50EFA000B5ADE /* RepositoryAdapter.swift */,
				DD1D55FB1DD4F8BC00ABC3DB /* SearchResultsAdapter.swift */,
			);
			name = Adapters;
			sourceTree = "<group>";
		};
/* End PBXGroup section */

/* Begin PBXNativeTarget section */
		DD1D55E41DD4E04E00ABC3DB /* AstronomerTests */ = {
			isa = PBXNativeTarget;
			buildConfigurationList = DD1D55EC1DD4E04E00ABC3DB /* Build configuration list for PBXNativeTarget "AstronomerTests" */;
			buildPhases = (
				DD1D55E11DD4E04E00ABC3DB /* Sources */,
				DD1D55E21DD4E04E00ABC3DB /* Frameworks */,
				DD1D55E31DD4E04E00ABC3DB /* Resources */,
			);
			buildRules = (
			);
			dependencies = (
				DD1D55EB1DD4E04E00ABC3DB /* PBXTargetDependency */,
			);
			name = AstronomerTests;
			productName = AstronomerTests;
			productReference = DD1D55E51DD4E04E00ABC3DB /* AstronomerTests.xctest */;
			productType = "com.apple.product-type.bundle.unit-test";
		};
		DDA23CC61DD4D4D10002270C /* Astronomer */ = {
			isa = PBXNativeTarget;
			buildConfigurationList = DDA23CD91DD4D4D10002270C /* Build configuration list for PBXNativeTarget "Astronomer" */;
			buildPhases = (
				DDA23CC31DD4D4D10002270C /* Sources */,
				DDA23CC41DD4D4D10002270C /* Frameworks */,
				DDA23CC51DD4D4D10002270C /* Resources */,
				DD1D55DE1DD4DDA900ABC3DB /* Carthage */,
			);
			buildRules = (
			);
			dependencies = (
			);
			name = Astronomer;
			productName = Astronomer;
			productReference = DDA23CC71DD4D4D10002270C /* Astronomer.app */;
			productType = "com.apple.product-type.application";
		};
/* End PBXNativeTarget section */

/* Begin PBXProject section */
		DDA23CBF1DD4D4D10002270C /* Project object */ = {
			isa = PBXProject;
			attributes = {
				LastSwiftUpdateCheck = 0810;
				LastUpgradeCheck = 0810;
				ORGANIZATIONNAME = "Guilherme Rambo";
				TargetAttributes = {
					DD1D55E41DD4E04E00ABC3DB = {
						CreatedOnToolsVersion = 8.1;
						DevelopmentTeam = 8C7439RJLG;
						ProvisioningStyle = Automatic;
						TestTargetID = DDA23CC61DD4D4D10002270C;
					};
					DDA23CC61DD4D4D10002270C = {
						CreatedOnToolsVersion = 8.1;
						DevelopmentTeam = 8C7439RJLG;
						ProvisioningStyle = Automatic;
					};
				};
			};
			buildConfigurationList = DDA23CC21DD4D4D10002270C /* Build configuration list for PBXProject "Astronomer" */;
			compatibilityVersion = "Xcode 3.2";
			developmentRegion = English;
			hasScannedForEncodings = 0;
			knownRegions = (
				en,
				Base,
			);
			mainGroup = DDA23CBE1DD4D4D10002270C;
			productRefGroup = DDA23CC81DD4D4D10002270C /* Products */;
			projectDirPath = "";
			projectRoot = "";
			targets = (
				DDA23CC61DD4D4D10002270C /* Astronomer */,
				DD1D55E41DD4E04E00ABC3DB /* AstronomerTests */,
			);
		};
/* End PBXProject section */

/* Begin PBXResourcesBuildPhase section */
		DD1D55E31DD4E04E00ABC3DB /* Resources */ = {
			isa = PBXResourcesBuildPhase;
			buildActionMask = 2147483647;
			files = (
				DD1D55F51DD4E77100ABC3DB /* SearchUsers.json in Resources */,
				DD1D55F61DD4E77100ABC3DB /* SingleRepo.json in Resources */,
				DD1D55F81DD4E77100ABC3DB /* UserRepos.json in Resources */,
				DD1D55F71DD4E77100ABC3DB /* SingleUser.json in Resources */,
			);
			runOnlyForDeploymentPostprocessing = 0;
		};
		DDA23CC51DD4D4D10002270C /* Resources */ = {
			isa = PBXResourcesBuildPhase;
			buildActionMask = 2147483647;
			files = (
				DDA23CD51DD4D4D10002270C /* LaunchScreen.storyboard in Resources */,
				DDA23CD21DD4D4D10002270C /* Assets.xcassets in Resources */,
			);
			runOnlyForDeploymentPostprocessing = 0;
		};
/* End PBXResourcesBuildPhase section */

/* Begin PBXShellScriptBuildPhase section */
		DD1D55DE1DD4DDA900ABC3DB /* Carthage */ = {
			isa = PBXShellScriptBuildPhase;
			buildActionMask = 2147483647;
			files = (
			);
			inputPaths = (
				"$(SRCROOT)/Carthage/Build/iOS/SwiftyJSON.framework",
			);
			name = Carthage;
			outputPaths = (
			);
			runOnlyForDeploymentPostprocessing = 0;
			shellPath = /bin/sh;
			shellScript = "/usr/local/bin/carthage copy-frameworks";
		};
/* End PBXShellScriptBuildPhase section */

/* Begin PBXSourcesBuildPhase section */
		DD1D55E11DD4E04E00ABC3DB /* Sources */ = {
			isa = PBXSourcesBuildPhase;
			buildActionMask = 2147483647;
			files = (
				DD1D55E81DD4E04E00ABC3DB /* AstronomerTests.swift in Sources */,
			);
			runOnlyForDeploymentPostprocessing = 0;
		};
		DDA23CC31DD4D4D10002270C /* Sources */ = {
			isa = PBXSourcesBuildPhase;
			buildActionMask = 2147483647;
			files = (
				DDA23CCB1DD4D4D10002270C /* AppDelegate.swift in Sources */,
				DDA23CE41DD4D52C0002270C /* AppRouter.swift in Sources */,
				DD1D55FA1DD4F85E00ABC3DB /* SearchResults.swift in Sources */,
				DDA23CE61DD4D63C0002270C /* SearchUsersViewController.swift in Sources */,
				DDA5020A1DD4D8CE00B78F5D /* User.swift in Sources */,
				DDA23CE91DD4D7950002270C /* Appearance.swift in Sources */,
				DDA5020C1DD4DA1400B78F5D /* Repository.swift in Sources */,
				DD74CF351DD50EFA000B5ADE /* RepositoryAdapter.swift in Sources */,
				DD1D55FC1DD4F8BC00ABC3DB /* SearchResultsAdapter.swift in Sources */,
				DDA502121DD4DABD00B78F5D /* Result.swift in Sources */,
				DD1D55E01DD4DE1C00ABC3DB /* UserAdapter.swift in Sources */,
				DDA5020F1DD4DA8000B78F5D /* Adapter.swift in Sources */,
			);
			runOnlyForDeploymentPostprocessing = 0;
		};
/* End PBXSourcesBuildPhase section */

/* Begin PBXTargetDependency section */
		DD1D55EB1DD4E04E00ABC3DB /* PBXTargetDependency */ = {
			isa = PBXTargetDependency;
			target = DDA23CC61DD4D4D10002270C /* Astronomer */;
			targetProxy = DD1D55EA1DD4E04E00ABC3DB /* PBXContainerItemProxy */;
		};
/* End PBXTargetDependency section */

/* Begin PBXVariantGroup section */
		DDA23CD31DD4D4D10002270C /* LaunchScreen.storyboard */ = {
			isa = PBXVariantGroup;
			children = (
				DDA23CD41DD4D4D10002270C /* Base */,
			);
			name = LaunchScreen.storyboard;
			sourceTree = "<group>";
		};
/* End PBXVariantGroup section */

/* Begin XCBuildConfiguration section */
		DD1D55ED1DD4E04E00ABC3DB /* Debug */ = {
			isa = XCBuildConfiguration;
			buildSettings = {
				BUNDLE_LOADER = "$(TEST_HOST)";
				DEVELOPMENT_TEAM = 8C7439RJLG;
				FRAMEWORK_SEARCH_PATHS = (
					"$(inherited)",
					"$(PROJECT_DIR)/Carthage/Build/iOS",
				);
				INFOPLIST_FILE = AstronomerTests/Info.plist;
				LD_RUNPATH_SEARCH_PATHS = "$(inherited) @executable_path/Frameworks @loader_path/Frameworks";
				PRODUCT_BUNDLE_IDENTIFIER = br.com.guilhermerambo.AstronomerTests;
				PRODUCT_NAME = "$(TARGET_NAME)";
				SWIFT_VERSION = 3.0;
				TEST_HOST = "$(BUILT_PRODUCTS_DIR)/Astronomer.app/Astronomer";
			};
			name = Debug;
		};
		DD1D55EE1DD4E04E00ABC3DB /* Release */ = {
			isa = XCBuildConfiguration;
			buildSettings = {
				BUNDLE_LOADER = "$(TEST_HOST)";
				DEVELOPMENT_TEAM = 8C7439RJLG;
				FRAMEWORK_SEARCH_PATHS = (
					"$(inherited)",
					"$(PROJECT_DIR)/Carthage/Build/iOS",
				);
				INFOPLIST_FILE = AstronomerTests/Info.plist;
				LD_RUNPATH_SEARCH_PATHS = "$(inherited) @executable_path/Frameworks @loader_path/Frameworks";
				PRODUCT_BUNDLE_IDENTIFIER = br.com.guilhermerambo.AstronomerTests;
				PRODUCT_NAME = "$(TARGET_NAME)";
				SWIFT_VERSION = 3.0;
				TEST_HOST = "$(BUILT_PRODUCTS_DIR)/Astronomer.app/Astronomer";
			};
			name = Release;
		};
		DDA23CD71DD4D4D10002270C /* Debug */ = {
			isa = XCBuildConfiguration;
			buildSettings = {
				ALWAYS_SEARCH_USER_PATHS = NO;
				CLANG_ANALYZER_NONNULL = YES;
				CLANG_CXX_LANGUAGE_STANDARD = "gnu++0x";
				CLANG_CXX_LIBRARY = "libc++";
				CLANG_ENABLE_MODULES = YES;
				CLANG_ENABLE_OBJC_ARC = YES;
				CLANG_WARN_BOOL_CONVERSION = YES;
				CLANG_WARN_CONSTANT_CONVERSION = YES;
				CLANG_WARN_DIRECT_OBJC_ISA_USAGE = YES_ERROR;
				CLANG_WARN_DOCUMENTATION_COMMENTS = YES;
				CLANG_WARN_EMPTY_BODY = YES;
				CLANG_WARN_ENUM_CONVERSION = YES;
				CLANG_WARN_INFINITE_RECURSION = YES;
				CLANG_WARN_INT_CONVERSION = YES;
				CLANG_WARN_OBJC_ROOT_CLASS = YES_ERROR;
				CLANG_WARN_SUSPICIOUS_MOVES = YES;
				CLANG_WARN_UNREACHABLE_CODE = YES;
				CLANG_WARN__DUPLICATE_METHOD_MATCH = YES;
				"CODE_SIGN_IDENTITY[sdk=iphoneos*]" = "iPhone Developer";
				COPY_PHASE_STRIP = NO;
				DEBUG_INFORMATION_FORMAT = dwarf;
				ENABLE_STRICT_OBJC_MSGSEND = YES;
				ENABLE_TESTABILITY = YES;
				GCC_C_LANGUAGE_STANDARD = gnu99;
				GCC_DYNAMIC_NO_PIC = NO;
				GCC_NO_COMMON_BLOCKS = YES;
				GCC_OPTIMIZATION_LEVEL = 0;
				GCC_PREPROCESSOR_DEFINITIONS = (
					"DEBUG=1",
					"$(inherited)",
				);
				GCC_WARN_64_TO_32_BIT_CONVERSION = YES;
				GCC_WARN_ABOUT_RETURN_TYPE = YES_ERROR;
				GCC_WARN_UNDECLARED_SELECTOR = YES;
				GCC_WARN_UNINITIALIZED_AUTOS = YES_AGGRESSIVE;
				GCC_WARN_UNUSED_FUNCTION = YES;
				GCC_WARN_UNUSED_VARIABLE = YES;
				IPHONEOS_DEPLOYMENT_TARGET = 10.1;
				MTL_ENABLE_DEBUG_INFO = YES;
				ONLY_ACTIVE_ARCH = YES;
				SDKROOT = iphoneos;
				SWIFT_ACTIVE_COMPILATION_CONDITIONS = DEBUG;
				SWIFT_OPTIMIZATION_LEVEL = "-Onone";
				TARGETED_DEVICE_FAMILY = "1,2";
			};
			name = Debug;
		};
		DDA23CD81DD4D4D10002270C /* Release */ = {
			isa = XCBuildConfiguration;
			buildSettings = {
				ALWAYS_SEARCH_USER_PATHS = NO;
				CLANG_ANALYZER_NONNULL = YES;
				CLANG_CXX_LANGUAGE_STANDARD = "gnu++0x";
				CLANG_CXX_LIBRARY = "libc++";
				CLANG_ENABLE_MODULES = YES;
				CLANG_ENABLE_OBJC_ARC = YES;
				CLANG_WARN_BOOL_CONVERSION = YES;
				CLANG_WARN_CONSTANT_CONVERSION = YES;
				CLANG_WARN_DIRECT_OBJC_ISA_USAGE = YES_ERROR;
				CLANG_WARN_DOCUMENTATION_COMMENTS = YES;
				CLANG_WARN_EMPTY_BODY = YES;
				CLANG_WARN_ENUM_CONVERSION = YES;
				CLANG_WARN_INFINITE_RECURSION = YES;
				CLANG_WARN_INT_CONVERSION = YES;
				CLANG_WARN_OBJC_ROOT_CLASS = YES_ERROR;
				CLANG_WARN_SUSPICIOUS_MOVES = YES;
				CLANG_WARN_UNREACHABLE_CODE = YES;
				CLANG_WARN__DUPLICATE_METHOD_MATCH = YES;
				"CODE_SIGN_IDENTITY[sdk=iphoneos*]" = "iPhone Developer";
				COPY_PHASE_STRIP = NO;
				DEBUG_INFORMATION_FORMAT = "dwarf-with-dsym";
				ENABLE_NS_ASSERTIONS = NO;
				ENABLE_STRICT_OBJC_MSGSEND = YES;
				GCC_C_LANGUAGE_STANDARD = gnu99;
				GCC_NO_COMMON_BLOCKS = YES;
				GCC_WARN_64_TO_32_BIT_CONVERSION = YES;
				GCC_WARN_ABOUT_RETURN_TYPE = YES_ERROR;
				GCC_WARN_UNDECLARED_SELECTOR = YES;
				GCC_WARN_UNINITIALIZED_AUTOS = YES_AGGRESSIVE;
				GCC_WARN_UNUSED_FUNCTION = YES;
				GCC_WARN_UNUSED_VARIABLE = YES;
				IPHONEOS_DEPLOYMENT_TARGET = 10.1;
				MTL_ENABLE_DEBUG_INFO = NO;
				SDKROOT = iphoneos;
				SWIFT_OPTIMIZATION_LEVEL = "-Owholemodule";
				TARGETED_DEVICE_FAMILY = "1,2";
				VALIDATE_PRODUCT = YES;
			};
			name = Release;
		};
		DDA23CDA1DD4D4D10002270C /* Debug */ = {
			isa = XCBuildConfiguration;
			buildSettings = {
				ASSETCATALOG_COMPILER_APPICON_NAME = AppIcon;
				DEVELOPMENT_TEAM = 8C7439RJLG;
				FRAMEWORK_SEARCH_PATHS = (
					"$(inherited)",
					"$(PROJECT_DIR)/Carthage/Build/iOS",
				);
				INFOPLIST_FILE = Astronomer/Info.plist;
				LD_RUNPATH_SEARCH_PATHS = "$(inherited) @executable_path/Frameworks";
				PRODUCT_BUNDLE_IDENTIFIER = br.com.guilhermerambo.Astronomer;
				PRODUCT_NAME = "$(TARGET_NAME)";
				SWIFT_VERSION = 3.0;
			};
			name = Debug;
		};
		DDA23CDB1DD4D4D10002270C /* Release */ = {
			isa = XCBuildConfiguration;
			buildSettings = {
				ASSETCATALOG_COMPILER_APPICON_NAME = AppIcon;
				DEVELOPMENT_TEAM = 8C7439RJLG;
				FRAMEWORK_SEARCH_PATHS = (
					"$(inherited)",
					"$(PROJECT_DIR)/Carthage/Build/iOS",
				);
				INFOPLIST_FILE = Astronomer/Info.plist;
				LD_RUNPATH_SEARCH_PATHS = "$(inherited) @executable_path/Frameworks";
				PRODUCT_BUNDLE_IDENTIFIER = br.com.guilhermerambo.Astronomer;
				PRODUCT_NAME = "$(TARGET_NAME)";
				SWIFT_VERSION = 3.0;
			};
			name = Release;
		};
/* End XCBuildConfiguration section */

/* Begin XCConfigurationList section */
		DD1D55EC1DD4E04E00ABC3DB /* Build configuration list for PBXNativeTarget "AstronomerTests" */ = {
			isa = XCConfigurationList;
			buildConfigurations = (
				DD1D55ED1DD4E04E00ABC3DB /* Debug */,
				DD1D55EE1DD4E04E00ABC3DB /* Release */,
			);
			defaultConfigurationIsVisible = 0;
			defaultConfigurationName = Release;
		};
		DDA23CC21DD4D4D10002270C /* Build configuration list for PBXProject "Astronomer" */ = {
			isa = XCConfigurationList;
			buildConfigurations = (
				DDA23CD71DD4D4D10002270C /* Debug */,
				DDA23CD81DD4D4D10002270C /* Release */,
			);
			defaultConfigurationIsVisible = 0;
			defaultConfigurationName = Release;
		};
		DDA23CD91DD4D4D10002270C /* Build configuration list for PBXNativeTarget "Astronomer" */ = {
			isa = XCConfigurationList;
			buildConfigurations = (
				DDA23CDA1DD4D4D10002270C /* Debug */,
				DDA23CDB1DD4D4D10002270C /* Release */,
			);
			defaultConfigurationIsVisible = 0;
			defaultConfigurationName = Release;
		};
/* End XCConfigurationList section */
	};
	rootObject = DDA23CBF1DD4D4D10002270C /* Project object */;
}
